
Microsoft Visual Studio Solution File, Format Version 12.00
# Visual Studio Version 16
VisualStudioVersion = 16.0.31129.286
MinimumVisualStudioVersion = 10.0.40219.1
Project("{FAE04EC0-301F-11D3-BF4B-00C04F79EFBC}") = "Project", "Project.csproj", "{086FDDF5-333F-4090-89B6-616B23C57613}"
EndProject
Global
	GlobalSection(SolutionConfigurationPlatforms) = preSolution
		Debug|Any CPU = Debug|Any CPU
		Release|Any CPU = Release|Any CPU
	EndGlobalSection
	GlobalSection(ProjectConfigurationPlatforms) = postSolution
		{086FDDF5-333F-4090-89B6-616B23C57613}.Debug|Any CPU.ActiveCfg = Debug|Any CPU
		{086FDDF5-333F-4090-89B6-616B23C57613}.Debug|Any CPU.Build.0 = Debug|Any CPU
		{086FDDF5-333F-4090-89B6-616B23C57613}.Release|Any CPU.ActiveCfg = Release|Any CPU
		{086FDDF5-333F-4090-89B6-616B23C57613}.Release|Any CPU.Build.0 = Release|Any CPU
	EndGlobalSection
	GlobalSection(SolutionProperties) = preSolution
		HideSolutionNode = FALSE
	EndGlobalSection
	GlobalSection(ExtensibilityGlobals) = postSolution
		SolutionGuid = {AE81CB15-877C-4E03-B862-EA490EF92FC7}
	EndGlobalSection
EndGlobal
